
Microsoft Visual Studio Solution File, Format Version 12.00
# Visual Studio Version 17
VisualStudioVersion = 17.8.34330.188
MinimumVisualStudioVersion = 10.0.40219.1
Project("{9A19103F-16F7-4668-BE54-9A1E7A4F7556}") = "EightPuzzle", "EightPuzzle\EightPuzzle.csproj", "{979A807E-9931-4354-9448-DF095B88244E}"
EndProject
Project("{9A19103F-16F7-4668-BE54-9A1E7A4F7556}") = "CSPSolver", "CSPSolver\CSPSolver.csproj", "{11C647AE-850B-483C-977C-AA1D4C2C9559}"
EndProject
Project("{9A19103F-16F7-4668-BE54-9A1E7A4F7556}") = "Expectimax", "Expectimax\Expectimax.csproj", "{3EDFD74C-A79D-4332-BAD4-1CB670D283F5}"
EndProject
Project("{9A19103F-16F7-4668-BE54-9A1E7A4F7556}") = "SharedLibrary", "SharedLibrary\SharedLibrary.csproj", "{0F277CCD-05A4-4964-841D-9B785BB1F06C}"
EndProject
Project("{FAE04EC0-301F-11D3-BF4B-00C04F79EFBC}") = "QLearning", "QLearning\QLearning.csproj", "{1BCBC089-0054-4A96-971E-6513526BD384}"
EndProject
Global
	GlobalSection(SolutionConfigurationPlatforms) = preSolution
		Debug|Any CPU = Debug|Any CPU
		Release|Any CPU = Release|Any CPU
	EndGlobalSection
	GlobalSection(ProjectConfigurationPlatforms) = postSolution
		{979A807E-9931-4354-9448-DF095B88244E}.Debug|Any CPU.ActiveCfg = Debug|Any CPU
		{979A807E-9931-4354-9448-DF095B88244E}.Debug|Any CPU.Build.0 = Debug|Any CPU
		{979A807E-9931-4354-9448-DF095B88244E}.Release|Any CPU.ActiveCfg = Release|Any CPU
		{979A807E-9931-4354-9448-DF095B88244E}.Release|Any CPU.Build.0 = Release|Any CPU
		{11C647AE-850B-483C-977C-AA1D4C2C9559}.Debug|Any CPU.ActiveCfg = Debug|Any CPU
		{11C647AE-850B-483C-977C-AA1D4C2C9559}.Debug|Any CPU.Build.0 = Debug|Any CPU
		{11C647AE-850B-483C-977C-AA1D4C2C9559}.Release|Any CPU.ActiveCfg = Release|Any CPU
		{11C647AE-850B-483C-977C-AA1D4C2C9559}.Release|Any CPU.Build.0 = Release|Any CPU
		{3EDFD74C-A79D-4332-BAD4-1CB670D283F5}.Debug|Any CPU.ActiveCfg = Debug|Any CPU
		{3EDFD74C-A79D-4332-BAD4-1CB670D283F5}.Debug|Any CPU.Build.0 = Debug|Any CPU
		{3EDFD74C-A79D-4332-BAD4-1CB670D283F5}.Release|Any CPU.ActiveCfg = Release|Any CPU
		{3EDFD74C-A79D-4332-BAD4-1CB670D283F5}.Release|Any CPU.Build.0 = Release|Any CPU
		{0F277CCD-05A4-4964-841D-9B785BB1F06C}.Debug|Any CPU.ActiveCfg = Debug|Any CPU
		{0F277CCD-05A4-4964-841D-9B785BB1F06C}.Debug|Any CPU.Build.0 = Debug|Any CPU
		{0F277CCD-05A4-4964-841D-9B785BB1F06C}.Release|Any CPU.ActiveCfg = Release|Any CPU
		{0F277CCD-05A4-4964-841D-9B785BB1F06C}.Release|Any CPU.Build.0 = Release|Any CPU
		{1BCBC089-0054-4A96-971E-6513526BD384}.Debug|Any CPU.ActiveCfg = Debug|Any CPU
		{1BCBC089-0054-4A96-971E-6513526BD384}.Debug|Any CPU.Build.0 = Debug|Any CPU
		{1BCBC089-0054-4A96-971E-6513526BD384}.Release|Any CPU.ActiveCfg = Release|Any CPU
		{1BCBC089-0054-4A96-971E-6513526BD384}.Release|Any CPU.Build.0 = Release|Any CPU
	EndGlobalSection
	GlobalSection(SolutionProperties) = preSolution
		HideSolutionNode = FALSE
	EndGlobalSection
	GlobalSection(ExtensibilityGlobals) = postSolution
		SolutionGuid = {10EA3897-B2E1-4D8C-9A3D-947394029DE7}
	EndGlobalSection
EndGlobal
